
Microsoft Visual Studio Solution File, Format Version 12.00
# Visual Studio Version 16
VisualStudioVersion = 16.0.29230.47
MinimumVisualStudioVersion = 10.0.40219.1
Project("{FAE04EC0-301F-11D3-BF4B-00C04F79EFBC}") = "Sorted_List", "Sorted_List\Sorted_List.csproj", "{AFD1AD4B-2EF6-4F56-9715-C57234C489DE}"
EndProject
Global
	GlobalSection(SolutionConfigurationPlatforms) = preSolution
		Debug|Any CPU = Debug|Any CPU
		Release|Any CPU = Release|Any CPU
	EndGlobalSection
	GlobalSection(ProjectConfigurationPlatforms) = postSolution
		{AFD1AD4B-2EF6-4F56-9715-C57234C489DE}.Debug|Any CPU.ActiveCfg = Debug|Any CPU
		{AFD1AD4B-2EF6-4F56-9715-C57234C489DE}.Debug|Any CPU.Build.0 = Debug|Any CPU
		{AFD1AD4B-2EF6-4F56-9715-C57234C489DE}.Release|Any CPU.ActiveCfg = Release|Any CPU
		{AFD1AD4B-2EF6-4F56-9715-C57234C489DE}.Release|Any CPU.Build.0 = Release|Any CPU
	EndGlobalSection
	GlobalSection(SolutionProperties) = preSolution
		HideSolutionNode = FALSE
	EndGlobalSection
	GlobalSection(ExtensibilityGlobals) = postSolution
		SolutionGuid = {9FB2BDB9-7B74-4FAF-A05C-89C917A6BDE7}
	EndGlobalSection
EndGlobal
